
Microsoft Visual Studio Solution File, Format Version 12.00
# Visual Studio Version 16
VisualStudioVersion = 16.0.30717.126
MinimumVisualStudioVersion = 10.0.40219.1
Project("{FAE04EC0-301F-11D3-BF4B-00C04F79EFBC}") = "ProcessKeeper", "ProcessKeeper\ProcessKeeper.csproj", "{400659EF-3F1E-400C-9409-E36CE09F1FB1}"
EndProject
Global
	GlobalSection(SolutionConfigurationPlatforms) = preSolution
		Debug|Any CPU = Debug|Any CPU
		Release|Any CPU = Release|Any CPU
	EndGlobalSection
	GlobalSection(ProjectConfigurationPlatforms) = postSolution
		{400659EF-3F1E-400C-9409-E36CE09F1FB1}.Debug|Any CPU.ActiveCfg = Debug|Any CPU
		{400659EF-3F1E-400C-9409-E36CE09F1FB1}.Debug|Any CPU.Build.0 = Debug|Any CPU
		{400659EF-3F1E-400C-9409-E36CE09F1FB1}.Release|Any CPU.ActiveCfg = Release|Any CPU
		{400659EF-3F1E-400C-9409-E36CE09F1FB1}.Release|Any CPU.Build.0 = Release|Any CPU
	EndGlobalSection
	GlobalSection(SolutionProperties) = preSolution
		HideSolutionNode = FALSE
	EndGlobalSection
	GlobalSection(ExtensibilityGlobals) = postSolution
		SolutionGuid = {2AE6C04C-D4BE-415D-AB40-108BCADF9526}
	EndGlobalSection
EndGlobal
